
Microsoft Visual Studio Solution File, Format Version 12.00
# Visual Studio Version 16
VisualStudioVersion = 16.0.31410.357
MinimumVisualStudioVersion = 10.0.40219.1
Project("{FAE04EC0-301F-11D3-BF4B-00C04F79EFBC}") = "LargeBinary2", "LargeBinary2\LargeBinary2.csproj", "{21462A50-4595-4EE7-B7B3-8B6B9BC72043}"
EndProject
Global
	GlobalSection(SolutionConfigurationPlatforms) = preSolution
		Debug|Any CPU = Debug|Any CPU
		Release|Any CPU = Release|Any CPU
	EndGlobalSection
	GlobalSection(ProjectConfigurationPlatforms) = postSolution
		{21462A50-4595-4EE7-B7B3-8B6B9BC72043}.Debug|Any CPU.ActiveCfg = Debug|Any CPU
		{21462A50-4595-4EE7-B7B3-8B6B9BC72043}.Debug|Any CPU.Build.0 = Debug|Any CPU
		{21462A50-4595-4EE7-B7B3-8B6B9BC72043}.Release|Any CPU.ActiveCfg = Release|Any CPU
		{21462A50-4595-4EE7-B7B3-8B6B9BC72043}.Release|Any CPU.Build.0 = Release|Any CPU
	EndGlobalSection
	GlobalSection(SolutionProperties) = preSolution
		HideSolutionNode = FALSE
	EndGlobalSection
	GlobalSection(ExtensibilityGlobals) = postSolution
		SolutionGuid = {2D0C34AF-0997-420A-8924-71CB167B14F4}
	EndGlobalSection
EndGlobal
